<?xml version="1.0" encoding="utf-8"?>
<Project ToolsVersion="4.0" xmlns="http://schemas.microsoft.com/developer/msbuild/2003">
  <ItemGroup>
    <Filter Include="Source Files">
      <UniqueIdentifier>{E9C7FDCE-D52A-8D73-7EB0-C5296AF258F6}</UniqueIdentifier>
    </Filter>
    <Filter Include="Header Files">
      <UniqueIdentifier>{21EB8090-0D4E-1035-B6D3-48EBA215DCB7}</UniqueIdentifier>
    </Filter>
    <Filter Include="Game Resource Files">
      <UniqueIdentifier>{BAF00917-2652-E724-AFBF-2DD71B201EE4}</UniqueIdentifier>
    </Filter>
    <Filter Include="Windows Resource Files">
      <UniqueIdentifier>{6B659E97-575F-C7E9-40CC-5DFA2C652D56}</UniqueIdentifier>
    </Filter>
  </ItemGroup>
  <ItemGroup>
    <ClInclude Include="include\resource_dir.h">
      <Filter>Header Files</Filter>
    </ClInclude>
  </ItemGroup>
  <ItemGroup>
    <ClCompile Include="src\main.cpp">
      <Filter>Source Files</Filter>
    </ClCompile>
  </ItemGroup>
  <ItemGroup>
    <None Include="resources\06.-Stage-Clear.ogg">
      <Filter>Game Resource Files</Filter>
    </None>
    <None Include="resources\Game_Over.ogg">
      <Filter>Game Resource Files</Filter>
    </None>
    <None Include="resources\Metal_Slug.mp3">
      <Filter>Game Resource Files</Filter>
    </None>
    <None Include="resources\bo.mp3">
      <Filter>Game Resource Files</Filter>
    </None>
    <None Include="resources\explode.mp3">
      <Filter>Game Resource Files</Filter>
    </None>
    <None Include="resources\mission_complete.mp3">
      <Filter>Game Resource Files</Filter>
    </None>
    <None Include="resources\pipa.mp3">
      <Filter>Game Resource Files</Filter>
    </None>
    <None Include="resources\sexy_death.mp3">
      <Filter>Game Resource Files</Filter>
    </None>
    <None Include="resources\vaca.mp3">
      <Filter>Game Resource Files</Filter>
    </None>
    <None Include="src\icon.ico">
      <Filter>Windows Resource Files</Filter>
    </None>
  </ItemGroup>
  <ItemGroup>
    <ResourceCompile Include="src\application.rc">
      <Filter>Windows Resource Files</Filter>
    </ResourceCompile>
  </ItemGroup>
  <ItemGroup>
    <Image Include="resources\Game_Over.png">
      <Filter>Game Resource Files</Filter>
    </Image>
    <Image Include="resources\MetalSlug-Mission1 - còpia.png">
      <Filter>Game Resource Files</Filter>
    </Image>
    <Image Include="resources\MetalSlug-Mission1.png">
      <Filter>Game Resource Files</Filter>
    </Image>
    <Image Include="resources\Metal_Slug_Start.png">
      <Filter>Game Resource Files</Filter>
    </Image>
    <Image Include="resources\ajupit.png">
      <Filter>Game Resource Files</Filter>
    </Image>
    <Image Include="resources\ajupite.png">
      <Filter>Game Resource Files</Filter>
    </Image>
    <Image Include="resources\animacio de reviure ( despres de morir).png">
      <Filter>Game Resource Files</Filter>
    </Image>
    <Image Include="resources\animació ajupir (quan dones al cap abaix 1 vegada).png">
      <Filter>Game Resource Files</Filter>
    </Image>
    <Image Include="resources\balaamunt.png">
      <Filter>Game Resource Files</Filter>
    </Image>
    <Image Include="resources\balaball.png">
      <Filter>Game Resource Files</Filter>
    </Image>
    <Image Include="resources\balae.png">
      <Filter>Game Resource Files</Filter>
    </Image>
    <Image Include="resources\benemic.png">
      <Filter>Game Resource Files</Filter>
    </Image>
    <Image Include="resources\benemice.png">
      <Filter>Game Resource Files</Filter>
    </Image>
    <Image Include="resources\bullet.png">
      <Filter>Game Resource Files</Filter>
    </Image>
    <Image Include="resources\bullet_the_OG.png">
      <Filter>Game Resource Files</Filter>
    </Image>
    <Image Include="resources\cames caminant versio girada.png">
      <Filter>Game Resource Files</Filter>
    </Image>
    <Image Include="resources\cames quietes.png">
      <Filter>Game Resource Files</Filter>
    </Image>
    <Image Include="resources\camescaminant.png">
      <Filter>Game Resource Files</Filter>
    </Image>
    <Image Include="resources\camescorrent.png">
      <Filter>Game Resource Files</Filter>
    </Image>
    <Image Include="resources\camescorrente.png">
      <Filter>Game Resource Files</Filter>
    </Image>
    <Image Include="resources\camesquiet.png">
      <Filter>Game Resource Files</Filter>
    </Image>
    <Image Include="resources\camesquiete.png">
      <Filter>Game Resource Files</Filter>
    </Image>
    <Image Include="resources\cap apuntant cap amunt pistola versio girada .png">
      <Filter>Game Resource Files</Filter>
    </Image>
    <Image Include="resources\cap apuntant cap amunt pistola.png">
      <Filter>Game Resource Files</Filter>
    </Image>
    <Image Include="resources\cap atack ganivet versio girada .png">
      <Filter>Game Resource Files</Filter>
    </Image>
    <Image Include="resources\cap atack ganivet.png">
      <Filter>Game Resource Files</Filter>
    </Image>
    <Image Include="resources\cap recarega pistola versio girada.png">
      <Filter>Game Resource Files</Filter>
    </Image>
    <Image Include="resources\cap recarega pistola.png">
      <Filter>Game Resource Files</Filter>
    </Image>
    <Image Include="resources\cap suspirant ( versio girada .png">
      <Filter>Game Resource Files</Filter>
    </Image>
    <Image Include="resources\cap suspirant.png">
      <Filter>Game Resource Files</Filter>
    </Image>
    <Image Include="resources\capquiet.png">
      <Filter>Game Resource Files</Filter>
    </Image>
    <Image Include="resources\capquiete.png">
      <Filter>Game Resource Files</Filter>
    </Image>
    <Image Include="resources\captir.png">
      <Filter>Game Resource Files</Filter>
    </Image>
    <Image Include="resources\captire.png">
      <Filter>Game Resource Files</Filter>
    </Image>
    <Image Include="resources\logoExplota.png">
      <Filter>Game Resource Files</Filter>
    </Image>
    <Image Include="resources\mission-1-complete.png">
      <Filter>Game Resource Files</Filter>
    </Image>
    <Image Include="resources\mr.png">
      <Filter>Game Resource Files</Filter>
    </Image>
    <Image Include="resources\p1idle.png">
      <Filter>Game Resource Files</Filter>
    </Image>
    <Image Include="resources\p1idlee.png">
      <Filter>Game Resource Files</Filter>
    </Image>
    <Image Include="resources\scames.png">
      <Filter>Game Resource Files</Filter>
    </Image>
    <Image Include="resources\scamese.png">
      <Filter>Game Resource Files</Filter>
    </Image>
    <Image Include="resources\scap.png">
      <Filter>Game Resource Files</Filter>
    </Image>
    <Image Include="resources\scape.png">
      <Filter>Game Resource Files</Filter>
    </Image>
    <Image Include="resources\scorr.png">
      <Filter>Game Resource Files</Filter>
    </Image>
    <Image Include="resources\scorre.png">
      <Filter>Game Resource Files</Filter>
    </Image>
    <Image Include="resources\soldatidle.png">
      <Filter>Game Resource Files</Filter>
    </Image>
    <Image Include="resources\tirajupit.png">
      <Filter>Game Resource Files</Filter>
    </Image>
    <Image Include="resources\tirajupite.png">
      <Filter>Game Resource Files</Filter>
    </Image>
    <Image Include="resources\tiramunt.png">
      <Filter>Game Resource Files</Filter>
    </Image>
    <Image Include="resources\tiramunte.png">
      <Filter>Game Resource Files</Filter>
    </Image>
    <Image Include="resources\wabbit_alpha.png">
      <Filter>Game Resource Files</Filter>
    </Image>
  </ItemGroup>
</Project>